
Microsoft Visual Studio Solution File, Format Version 12.00
# Visual Studio Version 17
VisualStudioVersion = 17.11.34929.205
MinimumVisualStudioVersion = 10.0.40219.1
Project("{8BC9CEB8-8B4A-11D0-8D11-00A0C91BC942}") = "DCS_Avionics_export", "DCS_Avionics_export\DCS_Avionics_export.vcxproj", "{FE1E89DE-F2B0-4A4F-8842-6B4B50C671EF}"
EndProject
Global
	GlobalSection(SolutionConfigurationPlatforms) = preSolution
		Debug|x64 = Debug|x64
		Debug|x86 = Debug|x86
		Release|x64 = Release|x64
		Release|x86 = Release|x86
	EndGlobalSection
	GlobalSection(ProjectConfigurationPlatforms) = postSolution
		{FE1E89DE-F2B0-4A4F-8842-6B4B50C671EF}.Debug|x64.ActiveCfg = Debug|x64
		{FE1E89DE-F2B0-4A4F-8842-6B4B50C671EF}.Debug|x64.Build.0 = Debug|x64
		{FE1E89DE-F2B0-4A4F-8842-6B4B50C671EF}.Debug|x86.ActiveCfg = Debug|Win32
		{FE1E89DE-F2B0-4A4F-8842-6B4B50C671EF}.Debug|x86.Build.0 = Debug|Win32
		{FE1E89DE-F2B0-4A4F-8842-6B4B50C671EF}.Release|x64.ActiveCfg = Release|x64
		{FE1E89DE-F2B0-4A4F-8842-6B4B50C671EF}.Release|x64.Build.0 = Release|x64
		{FE1E89DE-F2B0-4A4F-8842-6B4B50C671EF}.Release|x86.ActiveCfg = Release|Win32
		{FE1E89DE-F2B0-4A4F-8842-6B4B50C671EF}.Release|x86.Build.0 = Release|Win32
	EndGlobalSection
	GlobalSection(SolutionProperties) = preSolution
		HideSolutionNode = FALSE
	EndGlobalSection
	GlobalSection(ExtensibilityGlobals) = postSolution
		SolutionGuid = {0D7CE25B-5771-4A69-912E-693FA67D5D9B}
	EndGlobalSection
EndGlobal
